// !$*UTF8*$!
{
	archiveVersion = 1;
	classes = {
	};
	objectVersion = 46;
	objects = {

/* Begin PBXBuildFile section */
		0A52B23D1D9F434600F48307 /* StickerPackExtension.appex in Embed App Extensions */ = {isa = PBXBuildFile; fileRef = 0A52B23C1D9F434600F48307 /* StickerPackExtension.appex */; settings = {ATTRIBUTES = (RemoveHeadersOnCopy, ); }; };
		0A52B2411D9F434600F48307 /* Stickers.xcstickers in Resources */ = {isa = PBXBuildFile; fileRef = 0A52B2401D9F434600F48307 /* Stickers.xcstickers */; };
		0A52B2421D9F434600F48307 /* Stickers.xcstickers in Resources */ = {isa = PBXBuildFile; fileRef = 0A52B2401D9F434600F48307 /* Stickers.xcstickers */; };
/* End PBXBuildFile section */

/* Begin PBXContainerItemProxy section */
		0A52B23E1D9F434600F48307 /* PBXContainerItemProxy */ = {
			isa = PBXContainerItemProxy;
			containerPortal = 0A52B2321D9F434600F48307 /* Project object */;
			proxyType = 1;
			remoteGlobalIDString = 0A52B23B1D9F434600F48307;
			remoteInfo = StickerPackExtension;
		};
/* End PBXContainerItemProxy section */

/* Begin PBXCopyFilesBuildPhase section */
		0A52B2481D9F434600F48307 /* Embed App Extensions */ = {
			isa = PBXCopyFilesBuildPhase;
			buildActionMask = 2147483647;
			dstPath = "";
			dstSubfolderSpec = 13;
			files = (
				0A52B23D1D9F434600F48307 /* StickerPackExtension.appex in Embed App Extensions */,
			);
			name = "Embed App Extensions";
			runOnlyForDeploymentPostprocessing = 0;
		};
/* End PBXCopyFilesBuildPhase section */

/* Begin PBXFileReference section */
		0A52B2381D9F434600F48307 /* Alban Stickers.app */ = {isa = PBXFileReference; explicitFileType = wrapper.application; includeInIndex = 0; path = "Alban Stickers.app"; sourceTree = BUILT_PRODUCTS_DIR; };
		0A52B23C1D9F434600F48307 /* StickerPackExtension.appex */ = {isa = PBXFileReference; explicitFileType = "wrapper.app-extension"; includeInIndex = 0; path = StickerPackExtension.appex; sourceTree = BUILT_PRODUCTS_DIR; };
		0A52B2401D9F434600F48307 /* Stickers.xcstickers */ = {isa = PBXFileReference; lastKnownFileType = folder.stickers; name = Stickers.xcstickers; path = StickerPackExtension/Stickers.xcstickers; sourceTree = "<group>"; };
/* End PBXFileReference section */

/* Begin PBXGroup section */
		0A52B2311D9F434600F48307 = {
			isa = PBXGroup;
			children = (
				0A52B2401D9F434600F48307 /* Stickers.xcstickers */,
				0A52B2391D9F434600F48307 /* Products */,
			);
			sourceTree = "<group>";
		};
		0A52B2391D9F434600F48307 /* Products */ = {
			isa = PBXGroup;
			children = (
				0A52B2381D9F434600F48307 /* Alban Stickers.app */,
				0A52B23C1D9F434600F48307 /* StickerPackExtension.appex */,
			);
			name = Products;
			sourceTree = "<group>";
		};
/* End PBXGroup section */

/* Begin PBXNativeTarget section */
		0A52B2371D9F434600F48307 /* Alban Stickers */ = {
			isa = PBXNativeTarget;
			buildConfigurationList = 0A52B2491D9F434600F48307 /* Build configuration list for PBXNativeTarget "Alban Stickers" */;
			buildPhases = (
				0A52B2361D9F434600F48307 /* Resources */,
				0A52B2481D9F434600F48307 /* Embed App Extensions */,
			);
			buildRules = (
			);
			dependencies = (
				0A52B23F1D9F434600F48307 /* PBXTargetDependency */,
			);
			name = "Alban Stickers";
			productName = "Alban Stickers";
			productReference = 0A52B2381D9F434600F48307 /* Alban Stickers.app */;
			productType = "com.apple.product-type.application.messages";
		};
		0A52B23B1D9F434600F48307 /* StickerPackExtension */ = {
			isa = PBXNativeTarget;
			buildConfigurationList = 0A52B2451D9F434600F48307 /* Build configuration list for PBXNativeTarget "StickerPackExtension" */;
			buildPhases = (
				0A52B23A1D9F434600F48307 /* Resources */,
			);
			buildRules = (
			);
			dependencies = (
			);
			name = StickerPackExtension;
			productName = StickerPackExtension;
			productReference = 0A52B23C1D9F434600F48307 /* StickerPackExtension.appex */;
			productType = "com.apple.product-type.app-extension.messages-sticker-pack";
		};
/* End PBXNativeTarget section */

/* Begin PBXProject section */
		0A52B2321D9F434600F48307 /* Project object */ = {
			isa = PBXProject;
			attributes = {
				LastUpgradeCheck = 0800;
				ORGANIZATIONNAME = "Dmitry Klimkin";
				TargetAttributes = {
					0A52B2371D9F434600F48307 = {
						CreatedOnToolsVersion = 8.0;
						DevelopmentTeam = 7HCL9D4WBY;
						ProvisioningStyle = Automatic;
					};
					0A52B23B1D9F434600F48307 = {
						CreatedOnToolsVersion = 8.0;
						DevelopmentTeam = 7HCL9D4WBY;
						ProvisioningStyle = Automatic;
					};
				};
			};
			buildConfigurationList = 0A52B2351D9F434600F48307 /* Build configuration list for PBXProject "Alban Stickers" */;
			compatibilityVersion = "Xcode 3.2";
			developmentRegion = English;
			hasScannedForEncodings = 0;
			knownRegions = (
				en,
			);
			mainGroup = 0A52B2311D9F434600F48307;
			productRefGroup = 0A52B2391D9F434600F48307 /* Products */;
			projectDirPath = "";
			projectRoot = "";
			targets = (
				0A52B2371D9F434600F48307 /* Alban Stickers */,
				0A52B23B1D9F434600F48307 /* StickerPackExtension */,
			);
		};
/* End PBXProject section */

/* Begin PBXResourcesBuildPhase section */
		0A52B2361D9F434600F48307 /* Resources */ = {
			isa = PBXResourcesBuildPhase;
			buildActionMask = 2147483647;
			files = (
				0A52B2421D9F434600F48307 /* Stickers.xcstickers in Resources */,
			);
			runOnlyForDeploymentPostprocessing = 0;
		};
		0A52B23A1D9F434600F48307 /* Resources */ = {
			isa = PBXResourcesBuildPhase;
			buildActionMask = 2147483647;
			files = (
				0A52B2411D9F434600F48307 /* Stickers.xcstickers in Resources */,
			);
			runOnlyForDeploymentPostprocessing = 0;
		};
/* End PBXResourcesBuildPhase section */

/* Begin PBXTargetDependency section */
		0A52B23F1D9F434600F48307 /* PBXTargetDependency */ = {
			isa = PBXTargetDependency;
			target = 0A52B23B1D9F434600F48307 /* StickerPackExtension */;
			targetProxy = 0A52B23E1D9F434600F48307 /* PBXContainerItemProxy */;
		};
/* End PBXTargetDependency section */

/* Begin XCBuildConfiguration section */
		0A52B2431D9F434600F48307 /* Debug */ = {
			isa = XCBuildConfiguration;
			buildSettings = {
				ALWAYS_SEARCH_USER_PATHS = NO;
				CLANG_ANALYZER_NONNULL = YES;
				CLANG_CXX_LANGUAGE_STANDARD = "gnu++0x";
				CLANG_CXX_LIBRARY = "libc++";
				CLANG_ENABLE_MODULES = YES;
				CLANG_ENABLE_OBJC_ARC = YES;
				CLANG_WARN_BOOL_CONVERSION = YES;
				CLANG_WARN_CONSTANT_CONVERSION = YES;
				CLANG_WARN_DIRECT_OBJC_ISA_USAGE = YES_ERROR;
				CLANG_WARN_DOCUMENTATION_COMMENTS = YES;
				CLANG_WARN_EMPTY_BODY = YES;
				CLANG_WARN_ENUM_CONVERSION = YES;
				CLANG_WARN_INFINITE_RECURSION = YES;
				CLANG_WARN_INT_CONVERSION = YES;
				CLANG_WARN_OBJC_ROOT_CLASS = YES_ERROR;
				CLANG_WARN_SUSPICIOUS_MOVES = YES;
				CLANG_WARN_UNREACHABLE_CODE = YES;
				CLANG_WARN__DUPLICATE_METHOD_MATCH = YES;
				"CODE_SIGN_IDENTITY[sdk=iphoneos*]" = "iPhone Developer";
				COPY_PHASE_STRIP = NO;
				DEBUG_INFORMATION_FORMAT = dwarf;
				ENABLE_STRICT_OBJC_MSGSEND = YES;
				ENABLE_TESTABILITY = YES;
				GCC_C_LANGUAGE_STANDARD = gnu99;
				GCC_DYNAMIC_NO_PIC = NO;
				GCC_NO_COMMON_BLOCKS = YES;
				GCC_OPTIMIZATION_LEVEL = 0;
				GCC_PREPROCESSOR_DEFINITIONS = (
					"DEBUG=1",
					"$(inherited)",
				);
				GCC_WARN_64_TO_32_BIT_CONVERSION = YES;
				GCC_WARN_ABOUT_RETURN_TYPE = YES_ERROR;
				GCC_WARN_UNDECLARED_SELECTOR = YES;
				GCC_WARN_UNINITIALIZED_AUTOS = YES_AGGRESSIVE;
				GCC_WARN_UNUSED_FUNCTION = YES;
				GCC_WARN_UNUSED_VARIABLE = YES;
				IPHONEOS_DEPLOYMENT_TARGET = 10.0;
				MTL_ENABLE_DEBUG_INFO = YES;
				ONLY_ACTIVE_ARCH = YES;
				SDKROOT = iphoneos;
			};
			name = Debug;
		};
		0A52B2441D9F434600F48307 /* Release */ = {
			isa = XCBuildConfiguration;
			buildSettings = {
				ALWAYS_SEARCH_USER_PATHS = NO;
				CLANG_ANALYZER_NONNULL = YES;
				CLANG_CXX_LANGUAGE_STANDARD = "gnu++0x";
				CLANG_CXX_LIBRARY = "libc++";
				CLANG_ENABLE_MODULES = YES;
				CLANG_ENABLE_OBJC_ARC = YES;
				CLANG_WARN_BOOL_CONVERSION = YES;
				CLANG_WARN_CONSTANT_CONVERSION = YES;
				CLANG_WARN_DIRECT_OBJC_ISA_USAGE = YES_ERROR;
				CLANG_WARN_DOCUMENTATION_COMMENTS = YES;
				CLANG_WARN_EMPTY_BODY = YES;
				CLANG_WARN_ENUM_CONVERSION = YES;
				CLANG_WARN_INFINITE_RECURSION = YES;
				CLANG_WARN_INT_CONVERSION = YES;
				CLANG_WARN_OBJC_ROOT_CLASS = YES_ERROR;
				CLANG_WARN_SUSPICIOUS_MOVES = YES;
				CLANG_WARN_UNREACHABLE_CODE = YES;
				CLANG_WARN__DUPLICATE_METHOD_MATCH = YES;
				"CODE_SIGN_IDENTITY[sdk=iphoneos*]" = "iPhone Developer";
				COPY_PHASE_STRIP = NO;
				DEBUG_INFORMATION_FORMAT = "dwarf-with-dsym";
				ENABLE_NS_ASSERTIONS = NO;
				ENABLE_STRICT_OBJC_MSGSEND = YES;
				GCC_C_LANGUAGE_STANDARD = gnu99;
				GCC_NO_COMMON_BLOCKS = YES;
				GCC_WARN_64_TO_32_BIT_CONVERSION = YES;
				GCC_WARN_ABOUT_RETURN_TYPE = YES_ERROR;
				GCC_WARN_UNDECLARED_SELECTOR = YES;
				GCC_WARN_UNINITIALIZED_AUTOS = YES_AGGRESSIVE;
				GCC_WARN_UNUSED_FUNCTION = YES;
				GCC_WARN_UNUSED_VARIABLE = YES;
				IPHONEOS_DEPLOYMENT_TARGET = 10.0;
				MTL_ENABLE_DEBUG_INFO = NO;
				SDKROOT = iphoneos;
				VALIDATE_PRODUCT = YES;
			};
			name = Release;
		};
		0A52B2461D9F434600F48307 /* Debug */ = {
			isa = XCBuildConfiguration;
			buildSettings = {
				ASSETCATALOG_COMPILER_APPICON_NAME = "iMessage App Icon";
				DEVELOPMENT_TEAM = 7HCL9D4WBY;
				INFOPLIST_FILE = StickerPackExtension/Info.plist;
				PRODUCT_BUNDLE_IDENTIFIER = "com.dmitry-klimkin.Alban-Stickers-Uncensored.StickerPackExtension";
				PRODUCT_NAME = "$(TARGET_NAME)";
				SKIP_INSTALL = YES;
			};
			name = Debug;
		};
		0A52B2471D9F434600F48307 /* Release */ = {
			isa = XCBuildConfiguration;
			buildSettings = {
				ASSETCATALOG_COMPILER_APPICON_NAME = "iMessage App Icon";
				DEVELOPMENT_TEAM = 7HCL9D4WBY;
				INFOPLIST_FILE = StickerPackExtension/Info.plist;
				PRODUCT_BUNDLE_IDENTIFIER = "com.dmitry-klimkin.Alban-Stickers-Uncensored.StickerPackExtension";
				PRODUCT_NAME = "$(TARGET_NAME)";
				SKIP_INSTALL = YES;
			};
			name = Release;
		};
		0A52B24A1D9F434600F48307 /* Debug */ = {
			isa = XCBuildConfiguration;
			buildSettings = {
				ASSETCATALOG_COMPILER_APPICON_NAME = "iMessage App Icon";
				DEVELOPMENT_TEAM = 7HCL9D4WBY;
				INFOPLIST_FILE = "Alban Stickers/Info.plist";
				PRODUCT_BUNDLE_IDENTIFIER = "com.dmitry-klimkin.Alban-Stickers-Uncensored";
				PRODUCT_NAME = "$(TARGET_NAME)";
				TARGETED_DEVICE_FAMILY = "1,2";
			};
			name = Debug;
		};
		0A52B24B1D9F434600F48307 /* Release */ = {
			isa = XCBuildConfiguration;
			buildSettings = {
				ASSETCATALOG_COMPILER_APPICON_NAME = "iMessage App Icon";
				DEVELOPMENT_TEAM = 7HCL9D4WBY;
				INFOPLIST_FILE = "Alban Stickers/Info.plist";
				PRODUCT_BUNDLE_IDENTIFIER = "com.dmitry-klimkin.Alban-Stickers-Uncensored";
				PRODUCT_NAME = "$(TARGET_NAME)";
				TARGETED_DEVICE_FAMILY = "1,2";
			};
			name = Release;
		};
/* End XCBuildConfiguration section */

/* Begin XCConfigurationList section */
		0A52B2351D9F434600F48307 /* Build configuration list for PBXProject "Alban Stickers" */ = {
			isa = XCConfigurationList;
			buildConfigurations = (
				0A52B2431D9F434600F48307 /* Debug */,
				0A52B2441D9F434600F48307 /* Release */,
			);
			defaultConfigurationIsVisible = 0;
			defaultConfigurationName = Release;
		};
		0A52B2451D9F434600F48307 /* Build configuration list for PBXNativeTarget "StickerPackExtension" */ = {
			isa = XCConfigurationList;
			buildConfigurations = (
				0A52B2461D9F434600F48307 /* Debug */,
				0A52B2471D9F434600F48307 /* Release */,
			);
			defaultConfigurationIsVisible = 0;
			defaultConfigurationName = Release;
		};
		0A52B2491D9F434600F48307 /* Build configuration list for PBXNativeTarget "Alban Stickers" */ = {
			isa = XCConfigurationList;
			buildConfigurations = (
				0A52B24A1D9F434600F48307 /* Debug */,
				0A52B24B1D9F434600F48307 /* Release */,
			);
			defaultConfigurationIsVisible = 0;
			defaultConfigurationName = Release;
		};
/* End XCConfigurationList section */
	};
	rootObject = 0A52B2321D9F434600F48307 /* Project object */;
}
